
Microsoft Visual Studio Solution File, Format Version 12.00
# Visual Studio Version 16
VisualStudioVersion = 16.0.30406.217
MinimumVisualStudioVersion = 15.0.26124.0
Project("{2150E333-8FDC-42A3-9474-1A3956D46DE8}") = "src", "src", "{5728C4B3-C267-4392-BA12-09E9F3767878}"
EndProject
Project("{9A19103F-16F7-4668-BE54-9A1E7A4F7556}") = "NerdStore.Catalogo.Application", "src\NerdStore.Catalogo.Application\NerdStore.Catalogo.Application.csproj", "{C12E3126-FAC9-4E42-91D0-48F82CB272F0}"
EndProject
Project("{9A19103F-16F7-4668-BE54-9A1E7A4F7556}") = "NerdStore.Catalogo.Data", "src\NerdStore.Catalogo.Data\NerdStore.Catalogo.Data.csproj", "{B3F3711C-856B-40C0-BDFA-B8A60041B20B}"
EndProject
Project("{9A19103F-16F7-4668-BE54-9A1E7A4F7556}") = "NerdStore.Catalogo.Domain", "src\NerdStore.Catalogo.Domain\NerdStore.Catalogo.Domain.csproj", "{D351DC61-26BE-41CA-AB78-79E436702240}"
EndProject
Project("{9A19103F-16F7-4668-BE54-9A1E7A4F7556}") = "NerdStore.Core", "src\NerdStore.Core\NerdStore.Core.csproj", "{DD489267-0F0A-415D-88A3-221378C23FC5}"
EndProject
Project("{9A19103F-16F7-4668-BE54-9A1E7A4F7556}") = "NerdStore.WebApp.MVC", "src\NerdStore.WebApp.MVC\NerdStore.WebApp.MVC.csproj", "{EAACF312-64CA-4B2F-8E01-3D3CF17FE6CC}"
EndProject
Project("{2150E333-8FDC-42A3-9474-1A3956D46DE8}") = "Catalogo", "Catalogo", "{2B71B56B-8956-4BAC-9A78-4023F7216834}"
EndProject
Project("{2150E333-8FDC-42A3-9474-1A3956D46DE8}") = "Core", "Core", "{B6F48E33-A055-45C2-A284-0CC1948B16CF}"
EndProject
Project("{2150E333-8FDC-42A3-9474-1A3956D46DE8}") = "WebApps", "WebApps", "{DAB89260-418D-4B74-86F5-C88A42EB29EF}"
EndProject
Project("{2150E333-8FDC-42A3-9474-1A3956D46DE8}") = "Solution Items", "Solution Items", "{8068F49F-93EA-477F-B68F-4D4AFF86CD19}"
	ProjectSection(SolutionItems) = preProject
		.editorconfig = .editorconfig
	EndProjectSection
EndProject
Project("{2150E333-8FDC-42A3-9474-1A3956D46DE8}") = "Services", "Services", "{CAA40565-3C90-45C9-89E1-C09F3FE260B9}"
EndProject
Project("{2150E333-8FDC-42A3-9474-1A3956D46DE8}") = "Vendas", "Vendas", "{DB706903-EFC2-452B-AC7E-13D6D36EABE4}"
EndProject
Project("{9A19103F-16F7-4668-BE54-9A1E7A4F7556}") = "NerdStore.Vendas.Domain", "src\NerdStore.Vendas.Domain\NerdStore.Vendas.Domain.csproj", "{8A5717BC-790E-4D71-A565-0B924ED07FC3}"
EndProject
Project("{9A19103F-16F7-4668-BE54-9A1E7A4F7556}") = "NerdStore.Vendas.Application", "src\NerdStore.Vendas.Application\NerdStore.Vendas.Application.csproj", "{2CEC8470-A5C9-4FB1-80AE-17508870D493}"
EndProject
Project("{9A19103F-16F7-4668-BE54-9A1E7A4F7556}") = "NerdStore.Vendas.Data", "src\NerdStore.Vendas.Data\NerdStore.Vendas.Data.csproj", "{182974FD-B826-491A-879A-A21987478E3B}"
EndProject
Global
	GlobalSection(SolutionConfigurationPlatforms) = preSolution
		Debug|Any CPU = Debug|Any CPU
		Debug|x64 = Debug|x64
		Debug|x86 = Debug|x86
		Release|Any CPU = Release|Any CPU
		Release|x64 = Release|x64
		Release|x86 = Release|x86
	EndGlobalSection
	GlobalSection(ProjectConfigurationPlatforms) = postSolution
		{C12E3126-FAC9-4E42-91D0-48F82CB272F0}.Debug|Any CPU.ActiveCfg = Debug|Any CPU
		{C12E3126-FAC9-4E42-91D0-48F82CB272F0}.Debug|Any CPU.Build.0 = Debug|Any CPU
		{C12E3126-FAC9-4E42-91D0-48F82CB272F0}.Debug|x64.ActiveCfg = Debug|Any CPU
		{C12E3126-FAC9-4E42-91D0-48F82CB272F0}.Debug|x64.Build.0 = Debug|Any CPU
		{C12E3126-FAC9-4E42-91D0-48F82CB272F0}.Debug|x86.ActiveCfg = Debug|Any CPU
		{C12E3126-FAC9-4E42-91D0-48F82CB272F0}.Debug|x86.Build.0 = Debug|Any CPU
		{C12E3126-FAC9-4E42-91D0-48F82CB272F0}.Release|Any CPU.ActiveCfg = Release|Any CPU
		{C12E3126-FAC9-4E42-91D0-48F82CB272F0}.Release|Any CPU.Build.0 = Release|Any CPU
		{C12E3126-FAC9-4E42-91D0-48F82CB272F0}.Release|x64.ActiveCfg = Release|Any CPU
		{C12E3126-FAC9-4E42-91D0-48F82CB272F0}.Release|x64.Build.0 = Release|Any CPU
		{C12E3126-FAC9-4E42-91D0-48F82CB272F0}.Release|x86.ActiveCfg = Release|Any CPU
		{C12E3126-FAC9-4E42-91D0-48F82CB272F0}.Release|x86.Build.0 = Release|Any CPU
		{B3F3711C-856B-40C0-BDFA-B8A60041B20B}.Debug|Any CPU.ActiveCfg = Debug|Any CPU
		{B3F3711C-856B-40C0-BDFA-B8A60041B20B}.Debug|Any CPU.Build.0 = Debug|Any CPU
		{B3F3711C-856B-40C0-BDFA-B8A60041B20B}.Debug|x64.ActiveCfg = Debug|Any CPU
		{B3F3711C-856B-40C0-BDFA-B8A60041B20B}.Debug|x64.Build.0 = Debug|Any CPU
		{B3F3711C-856B-40C0-BDFA-B8A60041B20B}.Debug|x86.ActiveCfg = Debug|Any CPU
		{B3F3711C-856B-40C0-BDFA-B8A60041B20B}.Debug|x86.Build.0 = Debug|Any CPU
		{B3F3711C-856B-40C0-BDFA-B8A60041B20B}.Release|Any CPU.ActiveCfg = Release|Any CPU
		{B3F3711C-856B-40C0-BDFA-B8A60041B20B}.Release|Any CPU.Build.0 = Release|Any CPU
		{B3F3711C-856B-40C0-BDFA-B8A60041B20B}.Release|x64.ActiveCfg = Release|Any CPU
		{B3F3711C-856B-40C0-BDFA-B8A60041B20B}.Release|x64.Build.0 = Release|Any CPU
		{B3F3711C-856B-40C0-BDFA-B8A60041B20B}.Release|x86.ActiveCfg = Release|Any CPU
		{B3F3711C-856B-40C0-BDFA-B8A60041B20B}.Release|x86.Build.0 = Release|Any CPU
		{D351DC61-26BE-41CA-AB78-79E436702240}.Debug|Any CPU.ActiveCfg = Debug|Any CPU
		{D351DC61-26BE-41CA-AB78-79E436702240}.Debug|Any CPU.Build.0 = Debug|Any CPU
		{D351DC61-26BE-41CA-AB78-79E436702240}.Debug|x64.ActiveCfg = Debug|Any CPU
		{D351DC61-26BE-41CA-AB78-79E436702240}.Debug|x64.Build.0 = Debug|Any CPU
		{D351DC61-26BE-41CA-AB78-79E436702240}.Debug|x86.ActiveCfg = Debug|Any CPU
		{D351DC61-26BE-41CA-AB78-79E436702240}.Debug|x86.Build.0 = Debug|Any CPU
		{D351DC61-26BE-41CA-AB78-79E436702240}.Release|Any CPU.ActiveCfg = Release|Any CPU
		{D351DC61-26BE-41CA-AB78-79E436702240}.Release|Any CPU.Build.0 = Release|Any CPU
		{D351DC61-26BE-41CA-AB78-79E436702240}.Release|x64.ActiveCfg = Release|Any CPU
		{D351DC61-26BE-41CA-AB78-79E436702240}.Release|x64.Build.0 = Release|Any CPU
		{D351DC61-26BE-41CA-AB78-79E436702240}.Release|x86.ActiveCfg = Release|Any CPU
		{D351DC61-26BE-41CA-AB78-79E436702240}.Release|x86.Build.0 = Release|Any CPU
		{DD489267-0F0A-415D-88A3-221378C23FC5}.Debug|Any CPU.ActiveCfg = Debug|Any CPU
		{DD489267-0F0A-415D-88A3-221378C23FC5}.Debug|Any CPU.Build.0 = Debug|Any CPU
		{DD489267-0F0A-415D-88A3-221378C23FC5}.Debug|x64.ActiveCfg = Debug|Any CPU
		{DD489267-0F0A-415D-88A3-221378C23FC5}.Debug|x64.Build.0 = Debug|Any CPU
		{DD489267-0F0A-415D-88A3-221378C23FC5}.Debug|x86.ActiveCfg = Debug|Any CPU
		{DD489267-0F0A-415D-88A3-221378C23FC5}.Debug|x86.Build.0 = Debug|Any CPU
		{DD489267-0F0A-415D-88A3-221378C23FC5}.Release|Any CPU.ActiveCfg = Release|Any CPU
		{DD489267-0F0A-415D-88A3-221378C23FC5}.Release|Any CPU.Build.0 = Release|Any CPU
		{DD489267-0F0A-415D-88A3-221378C23FC5}.Release|x64.ActiveCfg = Release|Any CPU
		{DD489267-0F0A-415D-88A3-221378C23FC5}.Release|x64.Build.0 = Release|Any CPU
		{DD489267-0F0A-415D-88A3-221378C23FC5}.Release|x86.ActiveCfg = Release|Any CPU
		{DD489267-0F0A-415D-88A3-221378C23FC5}.Release|x86.Build.0 = Release|Any CPU
		{EAACF312-64CA-4B2F-8E01-3D3CF17FE6CC}.Debug|Any CPU.ActiveCfg = Debug|Any CPU
		{EAACF312-64CA-4B2F-8E01-3D3CF17FE6CC}.Debug|Any CPU.Build.0 = Debug|Any CPU
		{EAACF312-64CA-4B2F-8E01-3D3CF17FE6CC}.Debug|x64.ActiveCfg = Debug|Any CPU
		{EAACF312-64CA-4B2F-8E01-3D3CF17FE6CC}.Debug|x64.Build.0 = Debug|Any CPU
		{EAACF312-64CA-4B2F-8E01-3D3CF17FE6CC}.Debug|x86.ActiveCfg = Debug|Any CPU
		{EAACF312-64CA-4B2F-8E01-3D3CF17FE6CC}.Debug|x86.Build.0 = Debug|Any CPU
		{EAACF312-64CA-4B2F-8E01-3D3CF17FE6CC}.Release|Any CPU.ActiveCfg = Release|Any CPU
		{EAACF312-64CA-4B2F-8E01-3D3CF17FE6CC}.Release|Any CPU.Build.0 = Release|Any CPU
		{EAACF312-64CA-4B2F-8E01-3D3CF17FE6CC}.Release|x64.ActiveCfg = Release|Any CPU
		{EAACF312-64CA-4B2F-8E01-3D3CF17FE6CC}.Release|x64.Build.0 = Release|Any CPU
		{EAACF312-64CA-4B2F-8E01-3D3CF17FE6CC}.Release|x86.ActiveCfg = Release|Any CPU
		{EAACF312-64CA-4B2F-8E01-3D3CF17FE6CC}.Release|x86.Build.0 = Release|Any CPU
		{8A5717BC-790E-4D71-A565-0B924ED07FC3}.Debug|Any CPU.ActiveCfg = Debug|Any CPU
		{8A5717BC-790E-4D71-A565-0B924ED07FC3}.Debug|Any CPU.Build.0 = Debug|Any CPU
		{8A5717BC-790E-4D71-A565-0B924ED07FC3}.Debug|x64.ActiveCfg = Debug|Any CPU
		{8A5717BC-790E-4D71-A565-0B924ED07FC3}.Debug|x64.Build.0 = Debug|Any CPU
		{8A5717BC-790E-4D71-A565-0B924ED07FC3}.Debug|x86.ActiveCfg = Debug|Any CPU
		{8A5717BC-790E-4D71-A565-0B924ED07FC3}.Debug|x86.Build.0 = Debug|Any CPU
		{8A5717BC-790E-4D71-A565-0B924ED07FC3}.Release|Any CPU.ActiveCfg = Release|Any CPU
		{8A5717BC-790E-4D71-A565-0B924ED07FC3}.Release|Any CPU.Build.0 = Release|Any CPU
		{8A5717BC-790E-4D71-A565-0B924ED07FC3}.Release|x64.ActiveCfg = Release|Any CPU
		{8A5717BC-790E-4D71-A565-0B924ED07FC3}.Release|x64.Build.0 = Release|Any CPU
		{8A5717BC-790E-4D71-A565-0B924ED07FC3}.Release|x86.ActiveCfg = Release|Any CPU
		{8A5717BC-790E-4D71-A565-0B924ED07FC3}.Release|x86.Build.0 = Release|Any CPU
		{2CEC8470-A5C9-4FB1-80AE-17508870D493}.Debug|Any CPU.ActiveCfg = Debug|Any CPU
		{2CEC8470-A5C9-4FB1-80AE-17508870D493}.Debug|Any CPU.Build.0 = Debug|Any CPU
		{2CEC8470-A5C9-4FB1-80AE-17508870D493}.Debug|x64.ActiveCfg = Debug|Any CPU
		{2CEC8470-A5C9-4FB1-80AE-17508870D493}.Debug|x64.Build.0 = Debug|Any CPU
		{2CEC8470-A5C9-4FB1-80AE-17508870D493}.Debug|x86.ActiveCfg = Debug|Any CPU
		{2CEC8470-A5C9-4FB1-80AE-17508870D493}.Debug|x86.Build.0 = Debug|Any CPU
		{2CEC8470-A5C9-4FB1-80AE-17508870D493}.Release|Any CPU.ActiveCfg = Release|Any CPU
		{2CEC8470-A5C9-4FB1-80AE-17508870D493}.Release|Any CPU.Build.0 = Release|Any CPU
		{2CEC8470-A5C9-4FB1-80AE-17508870D493}.Release|x64.ActiveCfg = Release|Any CPU
		{2CEC8470-A5C9-4FB1-80AE-17508870D493}.Release|x64.Build.0 = Release|Any CPU
		{2CEC8470-A5C9-4FB1-80AE-17508870D493}.Release|x86.ActiveCfg = Release|Any CPU
		{2CEC8470-A5C9-4FB1-80AE-17508870D493}.Release|x86.Build.0 = Release|Any CPU
		{182974FD-B826-491A-879A-A21987478E3B}.Debug|Any CPU.ActiveCfg = Debug|Any CPU
		{182974FD-B826-491A-879A-A21987478E3B}.Debug|Any CPU.Build.0 = Debug|Any CPU
		{182974FD-B826-491A-879A-A21987478E3B}.Debug|x64.ActiveCfg = Debug|Any CPU
		{182974FD-B826-491A-879A-A21987478E3B}.Debug|x64.Build.0 = Debug|Any CPU
		{182974FD-B826-491A-879A-A21987478E3B}.Debug|x86.ActiveCfg = Debug|Any CPU
		{182974FD-B826-491A-879A-A21987478E3B}.Debug|x86.Build.0 = Debug|Any CPU
		{182974FD-B826-491A-879A-A21987478E3B}.Release|Any CPU.ActiveCfg = Release|Any CPU
		{182974FD-B826-491A-879A-A21987478E3B}.Release|Any CPU.Build.0 = Release|Any CPU
		{182974FD-B826-491A-879A-A21987478E3B}.Release|x64.ActiveCfg = Release|Any CPU
		{182974FD-B826-491A-879A-A21987478E3B}.Release|x64.Build.0 = Release|Any CPU
		{182974FD-B826-491A-879A-A21987478E3B}.Release|x86.ActiveCfg = Release|Any CPU
		{182974FD-B826-491A-879A-A21987478E3B}.Release|x86.Build.0 = Release|Any CPU
	EndGlobalSection
	GlobalSection(SolutionProperties) = preSolution
		HideSolutionNode = FALSE
	EndGlobalSection
	GlobalSection(NestedProjects) = preSolution
		{C12E3126-FAC9-4E42-91D0-48F82CB272F0} = {2B71B56B-8956-4BAC-9A78-4023F7216834}
		{B3F3711C-856B-40C0-BDFA-B8A60041B20B} = {2B71B56B-8956-4BAC-9A78-4023F7216834}
		{D351DC61-26BE-41CA-AB78-79E436702240} = {2B71B56B-8956-4BAC-9A78-4023F7216834}
		{DD489267-0F0A-415D-88A3-221378C23FC5} = {B6F48E33-A055-45C2-A284-0CC1948B16CF}
		{EAACF312-64CA-4B2F-8E01-3D3CF17FE6CC} = {DAB89260-418D-4B74-86F5-C88A42EB29EF}
		{2B71B56B-8956-4BAC-9A78-4023F7216834} = {CAA40565-3C90-45C9-89E1-C09F3FE260B9}
		{B6F48E33-A055-45C2-A284-0CC1948B16CF} = {CAA40565-3C90-45C9-89E1-C09F3FE260B9}
		{DAB89260-418D-4B74-86F5-C88A42EB29EF} = {5728C4B3-C267-4392-BA12-09E9F3767878}
		{CAA40565-3C90-45C9-89E1-C09F3FE260B9} = {5728C4B3-C267-4392-BA12-09E9F3767878}
		{DB706903-EFC2-452B-AC7E-13D6D36EABE4} = {CAA40565-3C90-45C9-89E1-C09F3FE260B9}
		{8A5717BC-790E-4D71-A565-0B924ED07FC3} = {DB706903-EFC2-452B-AC7E-13D6D36EABE4}
		{2CEC8470-A5C9-4FB1-80AE-17508870D493} = {DB706903-EFC2-452B-AC7E-13D6D36EABE4}
		{182974FD-B826-491A-879A-A21987478E3B} = {DB706903-EFC2-452B-AC7E-13D6D36EABE4}
	EndGlobalSection
	GlobalSection(ExtensibilityGlobals) = postSolution
		SolutionGuid = {367E578E-78DF-42F1-854E-A26B1727118F}
	EndGlobalSection
EndGlobal
